// !$*UTF8*$!
{
	archiveVersion = 1;
	classes = {
	};
	objectVersion = 52;
	objects = {

/* Begin PBXBuildFile section */
		D361302D26BDA99C0060A5B3 /* DDongKit.h in Headers */ = {isa = PBXBuildFile; fileRef = D361302B26BDA99C0060A5B3 /* DDongKit.h */; settings = {ATTRIBUTES = (Public, ); }; };
		D361303526BDA9C00060A5B3 /* Validator.swift in Sources */ = {isa = PBXBuildFile; fileRef = D361303426BDA9C00060A5B3 /* Validator.swift */; };
		D3941DF126E74E8F0025F3B9 /* UIImageView_Extension.swift in Sources */ = {isa = PBXBuildFile; fileRef = D3941DF026E74E8F0025F3B9 /* UIImageView_Extension.swift */; };
		D3941DF426E74EBB0025F3B9 /* SDWebImage in Frameworks */ = {isa = PBXBuildFile; productRef = D3941DF326E74EBB0025F3B9 /* SDWebImage */; };
		D39F385526D3C9E700C54806 /* Storage.swift in Sources */ = {isa = PBXBuildFile; fileRef = D39F385426D3C9E700C54806 /* Storage.swift */; };
		D3FDEB9926BEB2A20051B513 /* String_Extension.swift in Sources */ = {isa = PBXBuildFile; fileRef = D3FDEB9826BEB2A20051B513 /* String_Extension.swift */; };
		D3FDEB9C26BEB2F40051B513 /* NSRegularExpression_Extension.swift in Sources */ = {isa = PBXBuildFile; fileRef = D3FDEB9B26BEB2F40051B513 /* NSRegularExpression_Extension.swift */; };
/* End PBXBuildFile section */

/* Begin PBXFileReference section */
		D361302826BDA99C0060A5B3 /* DDongKit.framework */ = {isa = PBXFileReference; explicitFileType = wrapper.framework; includeInIndex = 0; path = DDongKit.framework; sourceTree = BUILT_PRODUCTS_DIR; };
		D361302B26BDA99C0060A5B3 /* DDongKit.h */ = {isa = PBXFileReference; lastKnownFileType = sourcecode.c.h; path = DDongKit.h; sourceTree = "<group>"; };
		D361302C26BDA99C0060A5B3 /* Info.plist */ = {isa = PBXFileReference; lastKnownFileType = text.plist.xml; path = Info.plist; sourceTree = "<group>"; };
		D361303426BDA9C00060A5B3 /* Validator.swift */ = {isa = PBXFileReference; lastKnownFileType = sourcecode.swift; path = Validator.swift; sourceTree = "<group>"; };
		D3941DF026E74E8F0025F3B9 /* UIImageView_Extension.swift */ = {isa = PBXFileReference; lastKnownFileType = sourcecode.swift; path = UIImageView_Extension.swift; sourceTree = "<group>"; };
		D39F385426D3C9E700C54806 /* Storage.swift */ = {isa = PBXFileReference; lastKnownFileType = sourcecode.swift; path = Storage.swift; sourceTree = "<group>"; };
		D3FDEB9826BEB2A20051B513 /* String_Extension.swift */ = {isa = PBXFileReference; lastKnownFileType = sourcecode.swift; path = String_Extension.swift; sourceTree = "<group>"; };
		D3FDEB9B26BEB2F40051B513 /* NSRegularExpression_Extension.swift */ = {isa = PBXFileReference; lastKnownFileType = sourcecode.swift; path = NSRegularExpression_Extension.swift; sourceTree = "<group>"; };
/* End PBXFileReference section */

/* Begin PBXFrameworksBuildPhase section */
		D361302526BDA99C0060A5B3 /* Frameworks */ = {
			isa = PBXFrameworksBuildPhase;
			buildActionMask = 2147483647;
			files = (
				D3941DF426E74EBB0025F3B9 /* SDWebImage in Frameworks */,
			);
			runOnlyForDeploymentPostprocessing = 0;
		};
/* End PBXFrameworksBuildPhase section */

/* Begin PBXGroup section */
		D361301E26BDA99C0060A5B3 = {
			isa = PBXGroup;
			children = (
				D361302A26BDA99C0060A5B3 /* DDongKit */,
				D361302926BDA99C0060A5B3 /* Products */,
			);
			sourceTree = "<group>";
		};
		D361302926BDA99C0060A5B3 /* Products */ = {
			isa = PBXGroup;
			children = (
				D361302826BDA99C0060A5B3 /* DDongKit.framework */,
			);
			name = Products;
			sourceTree = "<group>";
		};
		D361302A26BDA99C0060A5B3 /* DDongKit */ = {
			isa = PBXGroup;
			children = (
				D361302B26BDA99C0060A5B3 /* DDongKit.h */,
				D361302C26BDA99C0060A5B3 /* Info.plist */,
				D3FDEBAD26BEC6160051B513 /* SingleTon */,
				D3FDEB9726BEB28E0051B513 /* Extension */,
			);
			path = DDongKit;
			sourceTree = "<group>";
		};
		D3FDEB9726BEB28E0051B513 /* Extension */ = {
			isa = PBXGroup;
			children = (
				D3FDEB9826BEB2A20051B513 /* String_Extension.swift */,
				D3941DF026E74E8F0025F3B9 /* UIImageView_Extension.swift */,
				D3FDEB9B26BEB2F40051B513 /* NSRegularExpression_Extension.swift */,
			);
			path = Extension;
			sourceTree = "<group>";
		};
		D3FDEBAD26BEC6160051B513 /* SingleTon */ = {
			isa = PBXGroup;
			children = (
				D361303426BDA9C00060A5B3 /* Validator.swift */,
				D39F385426D3C9E700C54806 /* Storage.swift */,
			);
			path = SingleTon;
			sourceTree = "<group>";
		};
/* End PBXGroup section */

/* Begin PBXHeadersBuildPhase section */
		D361302326BDA99C0060A5B3 /* Headers */ = {
			isa = PBXHeadersBuildPhase;
			buildActionMask = 2147483647;
			files = (
				D361302D26BDA99C0060A5B3 /* DDongKit.h in Headers */,
			);
			runOnlyForDeploymentPostprocessing = 0;
		};
/* End PBXHeadersBuildPhase section */

/* Begin PBXNativeTarget section */
		D361302726BDA99C0060A5B3 /* DDongKit */ = {
			isa = PBXNativeTarget;
			buildConfigurationList = D361303026BDA99C0060A5B3 /* Build configuration list for PBXNativeTarget "DDongKit" */;
			buildPhases = (
				D361302326BDA99C0060A5B3 /* Headers */,
				D361302426BDA99C0060A5B3 /* Sources */,
				D361302526BDA99C0060A5B3 /* Frameworks */,
				D361302626BDA99C0060A5B3 /* Resources */,
			);
			buildRules = (
			);
			dependencies = (
			);
			name = DDongKit;
			packageProductDependencies = (
				D3941DF326E74EBB0025F3B9 /* SDWebImage */,
			);
			productName = DDongKit;
			productReference = D361302826BDA99C0060A5B3 /* DDongKit.framework */;
			productType = "com.apple.product-type.framework";
		};
/* End PBXNativeTarget section */

/* Begin PBXProject section */
		D361301F26BDA99C0060A5B3 /* Project object */ = {
			isa = PBXProject;
			attributes = {
				LastUpgradeCheck = 1240;
				TargetAttributes = {
					D361302726BDA99C0060A5B3 = {
						CreatedOnToolsVersion = 12.4;
						LastSwiftMigration = 1240;
					};
				};
			};
			buildConfigurationList = D361302226BDA99C0060A5B3 /* Build configuration list for PBXProject "DDongKit" */;
			compatibilityVersion = "Xcode 9.3";
			developmentRegion = en;
			hasScannedForEncodings = 0;
			knownRegions = (
				en,
				Base,
			);
			mainGroup = D361301E26BDA99C0060A5B3;
			packageReferences = (
				D3941DF226E74EBB0025F3B9 /* XCRemoteSwiftPackageReference "SDWebImage" */,
			);
			productRefGroup = D361302926BDA99C0060A5B3 /* Products */;
			projectDirPath = "";
			projectRoot = "";
			targets = (
				D361302726BDA99C0060A5B3 /* DDongKit */,
			);
		};
/* End PBXProject section */

/* Begin PBXResourcesBuildPhase section */
		D361302626BDA99C0060A5B3 /* Resources */ = {
			isa = PBXResourcesBuildPhase;
			buildActionMask = 2147483647;
			files = (
			);
			runOnlyForDeploymentPostprocessing = 0;
		};
/* End PBXResourcesBuildPhase section */

/* Begin PBXSourcesBuildPhase section */
		D361302426BDA99C0060A5B3 /* Sources */ = {
			isa = PBXSourcesBuildPhase;
			buildActionMask = 2147483647;
			files = (
				D3FDEB9C26BEB2F40051B513 /* NSRegularExpression_Extension.swift in Sources */,
				D39F385526D3C9E700C54806 /* Storage.swift in Sources */,
				D3FDEB9926BEB2A20051B513 /* String_Extension.swift in Sources */,
				D3941DF126E74E8F0025F3B9 /* UIImageView_Extension.swift in Sources */,
				D361303526BDA9C00060A5B3 /* Validator.swift in Sources */,
			);
			runOnlyForDeploymentPostprocessing = 0;
		};
/* End PBXSourcesBuildPhase section */

/* Begin XCBuildConfiguration section */
		D361302E26BDA99C0060A5B3 /* Debug */ = {
			isa = XCBuildConfiguration;
			buildSettings = {
				ALWAYS_SEARCH_USER_PATHS = NO;
				CLANG_ANALYZER_NONNULL = YES;
				CLANG_ANALYZER_NUMBER_OBJECT_CONVERSION = YES_AGGRESSIVE;
				CLANG_CXX_LANGUAGE_STANDARD = "gnu++14";
				CLANG_CXX_LIBRARY = "libc++";
				CLANG_ENABLE_MODULES = YES;
				CLANG_ENABLE_OBJC_ARC = YES;
				CLANG_ENABLE_OBJC_WEAK = YES;
				CLANG_WARN_BLOCK_CAPTURE_AUTORELEASING = YES;
				CLANG_WARN_BOOL_CONVERSION = YES;
				CLANG_WARN_COMMA = YES;
				CLANG_WARN_CONSTANT_CONVERSION = YES;
				CLANG_WARN_DEPRECATED_OBJC_IMPLEMENTATIONS = YES;
				CLANG_WARN_DIRECT_OBJC_ISA_USAGE = YES_ERROR;
				CLANG_WARN_DOCUMENTATION_COMMENTS = YES;
				CLANG_WARN_EMPTY_BODY = YES;
				CLANG_WARN_ENUM_CONVERSION = YES;
				CLANG_WARN_INFINITE_RECURSION = YES;
				CLANG_WARN_INT_CONVERSION = YES;
				CLANG_WARN_NON_LITERAL_NULL_CONVERSION = YES;
				CLANG_WARN_OBJC_IMPLICIT_RETAIN_SELF = YES;
				CLANG_WARN_OBJC_LITERAL_CONVERSION = YES;
				CLANG_WARN_OBJC_ROOT_CLASS = YES_ERROR;
				CLANG_WARN_QUOTED_INCLUDE_IN_FRAMEWORK_HEADER = YES;
				CLANG_WARN_RANGE_LOOP_ANALYSIS = YES;
				CLANG_WARN_STRICT_PROTOTYPES = YES;
				CLANG_WARN_SUSPICIOUS_MOVE = YES;
				CLANG_WARN_UNGUARDED_AVAILABILITY = YES_AGGRESSIVE;
				CLANG_WARN_UNREACHABLE_CODE = YES;
				CLANG_WARN__DUPLICATE_METHOD_MATCH = YES;
				COPY_PHASE_STRIP = NO;
				CURRENT_PROJECT_VERSION = 1;
				DEBUG_INFORMATION_FORMAT = dwarf;
				ENABLE_STRICT_OBJC_MSGSEND = YES;
				ENABLE_TESTABILITY = YES;
				GCC_C_LANGUAGE_STANDARD = gnu11;
				GCC_DYNAMIC_NO_PIC = NO;
				GCC_NO_COMMON_BLOCKS = YES;
				GCC_OPTIMIZATION_LEVEL = 0;
				GCC_PREPROCESSOR_DEFINITIONS = (
					"DEBUG=1",
					"$(inherited)",
				);
				GCC_WARN_64_TO_32_BIT_CONVERSION = YES;
				GCC_WARN_ABOUT_RETURN_TYPE = YES_ERROR;
				GCC_WARN_UNDECLARED_SELECTOR = YES;
				GCC_WARN_UNINITIALIZED_AUTOS = YES_AGGRESSIVE;
				GCC_WARN_UNUSED_FUNCTION = YES;
				GCC_WARN_UNUSED_VARIABLE = YES;
				IPHONEOS_DEPLOYMENT_TARGET = 14.4;
				MTL_ENABLE_DEBUG_INFO = INCLUDE_SOURCE;
				MTL_FAST_MATH = YES;
				ONLY_ACTIVE_ARCH = YES;
				SDKROOT = iphoneos;
				SWIFT_ACTIVE_COMPILATION_CONDITIONS = DEBUG;
				SWIFT_OPTIMIZATION_LEVEL = "-Onone";
				VERSIONING_SYSTEM = "apple-generic";
				VERSION_INFO_PREFIX = "";
			};
			name = Debug;
		};
		D361302F26BDA99C0060A5B3 /* Release */ = {
			isa = XCBuildConfiguration;
			buildSettings = {
				ALWAYS_SEARCH_USER_PATHS = NO;
				CLANG_ANALYZER_NONNULL = YES;
				CLANG_ANALYZER_NUMBER_OBJECT_CONVERSION = YES_AGGRESSIVE;
				CLANG_CXX_LANGUAGE_STANDARD = "gnu++14";
				CLANG_CXX_LIBRARY = "libc++";
				CLANG_ENABLE_MODULES = YES;
				CLANG_ENABLE_OBJC_ARC = YES;
				CLANG_ENABLE_OBJC_WEAK = YES;
				CLANG_WARN_BLOCK_CAPTURE_AUTORELEASING = YES;
				CLANG_WARN_BOOL_CONVERSION = YES;
				CLANG_WARN_COMMA = YES;
				CLANG_WARN_CONSTANT_CONVERSION = YES;
				CLANG_WARN_DEPRECATED_OBJC_IMPLEMENTATIONS = YES;
				CLANG_WARN_DIRECT_OBJC_ISA_USAGE = YES_ERROR;
				CLANG_WARN_DOCUMENTATION_COMMENTS = YES;
				CLANG_WARN_EMPTY_BODY = YES;
				CLANG_WARN_ENUM_CONVERSION = YES;
				CLANG_WARN_INFINITE_RECURSION = YES;
				CLANG_WARN_INT_CONVERSION = YES;
				CLANG_WARN_NON_LITERAL_NULL_CONVERSION = YES;
				CLANG_WARN_OBJC_IMPLICIT_RETAIN_SELF = YES;
				CLANG_WARN_OBJC_LITERAL_CONVERSION = YES;
				CLANG_WARN_OBJC_ROOT_CLASS = YES_ERROR;
				CLANG_WARN_QUOTED_INCLUDE_IN_FRAMEWORK_HEADER = YES;
				CLANG_WARN_RANGE_LOOP_ANALYSIS = YES;
				CLANG_WARN_STRICT_PROTOTYPES = YES;
				CLANG_WARN_SUSPICIOUS_MOVE = YES;
				CLANG_WARN_UNGUARDED_AVAILABILITY = YES_AGGRESSIVE;
				CLANG_WARN_UNREACHABLE_CODE = YES;
				CLANG_WARN__DUPLICATE_METHOD_MATCH = YES;
				COPY_PHASE_STRIP = NO;
				CURRENT_PROJECT_VERSION = 1;
				DEBUG_INFORMATION_FORMAT = "dwarf-with-dsym";
				ENABLE_NS_ASSERTIONS = NO;
				ENABLE_STRICT_OBJC_MSGSEND = YES;
				GCC_C_LANGUAGE_STANDARD = gnu11;
				GCC_NO_COMMON_BLOCKS = YES;
				GCC_WARN_64_TO_32_BIT_CONVERSION = YES;
				GCC_WARN_ABOUT_RETURN_TYPE = YES_ERROR;
				GCC_WARN_UNDECLARED_SELECTOR = YES;
				GCC_WARN_UNINITIALIZED_AUTOS = YES_AGGRESSIVE;
				GCC_WARN_UNUSED_FUNCTION = YES;
				GCC_WARN_UNUSED_VARIABLE = YES;
				IPHONEOS_DEPLOYMENT_TARGET = 14.4;
				MTL_ENABLE_DEBUG_INFO = NO;
				MTL_FAST_MATH = YES;
				SDKROOT = iphoneos;
				SWIFT_COMPILATION_MODE = wholemodule;
				SWIFT_OPTIMIZATION_LEVEL = "-O";
				VALIDATE_PRODUCT = YES;
				VERSIONING_SYSTEM = "apple-generic";
				VERSION_INFO_PREFIX = "";
			};
			name = Release;
		};
		D361303126BDA99C0060A5B3 /* Debug */ = {
			isa = XCBuildConfiguration;
			buildSettings = {
				CLANG_ENABLE_MODULES = YES;
				CODE_SIGN_STYLE = Automatic;
				DEFINES_MODULE = YES;
				DEVELOPMENT_TEAM = RA99PDU87Z;
				DYLIB_COMPATIBILITY_VERSION = 1;
				DYLIB_CURRENT_VERSION = 1;
				DYLIB_INSTALL_NAME_BASE = "@rpath";
				INFOPLIST_FILE = DDongKit/Info.plist;
				INSTALL_PATH = "$(LOCAL_LIBRARY_DIR)/Frameworks";
				LD_RUNPATH_SEARCH_PATHS = (
					"$(inherited)",
					"@executable_path/Frameworks",
					"@loader_path/Frameworks",
				);
				PRODUCT_BUNDLE_IDENTIFIER = kr.DevDDong.DDongKit;
				PRODUCT_NAME = "$(TARGET_NAME:c99extidentifier)";
				SKIP_INSTALL = YES;
				SWIFT_OPTIMIZATION_LEVEL = "-Onone";
				SWIFT_VERSION = 5.0;
				TARGETED_DEVICE_FAMILY = "1,2";
			};
			name = Debug;
		};
		D361303226BDA99C0060A5B3 /* Release */ = {
			isa = XCBuildConfiguration;
			buildSettings = {
				CLANG_ENABLE_MODULES = YES;
				CODE_SIGN_STYLE = Automatic;
				DEFINES_MODULE = YES;
				DEVELOPMENT_TEAM = RA99PDU87Z;
				DYLIB_COMPATIBILITY_VERSION = 1;
				DYLIB_CURRENT_VERSION = 1;
				DYLIB_INSTALL_NAME_BASE = "@rpath";
				INFOPLIST_FILE = DDongKit/Info.plist;
				INSTALL_PATH = "$(LOCAL_LIBRARY_DIR)/Frameworks";
				LD_RUNPATH_SEARCH_PATHS = (
					"$(inherited)",
					"@executable_path/Frameworks",
					"@loader_path/Frameworks",
				);
				PRODUCT_BUNDLE_IDENTIFIER = kr.DevDDong.DDongKit;
				PRODUCT_NAME = "$(TARGET_NAME:c99extidentifier)";
				SKIP_INSTALL = YES;
				SWIFT_VERSION = 5.0;
				TARGETED_DEVICE_FAMILY = "1,2";
			};
			name = Release;
		};
/* End XCBuildConfiguration section */

/* Begin XCConfigurationList section */
		D361302226BDA99C0060A5B3 /* Build configuration list for PBXProject "DDongKit" */ = {
			isa = XCConfigurationList;
			buildConfigurations = (
				D361302E26BDA99C0060A5B3 /* Debug */,
				D361302F26BDA99C0060A5B3 /* Release */,
			);
			defaultConfigurationIsVisible = 0;
			defaultConfigurationName = Release;
		};
		D361303026BDA99C0060A5B3 /* Build configuration list for PBXNativeTarget "DDongKit" */ = {
			isa = XCConfigurationList;
			buildConfigurations = (
				D361303126BDA99C0060A5B3 /* Debug */,
				D361303226BDA99C0060A5B3 /* Release */,
			);
			defaultConfigurationIsVisible = 0;
			defaultConfigurationName = Release;
		};
/* End XCConfigurationList section */

/* Begin XCRemoteSwiftPackageReference section */
		D3941DF226E74EBB0025F3B9 /* XCRemoteSwiftPackageReference "SDWebImage" */ = {
			isa = XCRemoteSwiftPackageReference;
			repositoryURL = "https://github.com/SDWebImage/SDWebImage.git";
			requirement = {
				kind = upToNextMajorVersion;
				minimumVersion = 5.11.1;
			};
		};
/* End XCRemoteSwiftPackageReference section */

/* Begin XCSwiftPackageProductDependency section */
		D3941DF326E74EBB0025F3B9 /* SDWebImage */ = {
			isa = XCSwiftPackageProductDependency;
			package = D3941DF226E74EBB0025F3B9 /* XCRemoteSwiftPackageReference "SDWebImage" */;
			productName = SDWebImage;
		};
/* End XCSwiftPackageProductDependency section */
	};
	rootObject = D361301F26BDA99C0060A5B3 /* Project object */;
}
